
Microsoft Visual Studio Solution File, Format Version 12.00
# Visual Studio Version 17
VisualStudioVersion = 17.8.34316.72
MinimumVisualStudioVersion = 10.0.40219.1
Project("{FAE04EC0-301F-11D3-BF4B-00C04F79EFBC}") = "pr10", "pr10.csproj", "{AD07F9A7-6864-4FB6-B362-DCA4CB7CF535}"
EndProject
Global
	GlobalSection(SolutionConfigurationPlatforms) = preSolution
		Debug|Any CPU = Debug|Any CPU
		Release|Any CPU = Release|Any CPU
	EndGlobalSection
	GlobalSection(ProjectConfigurationPlatforms) = postSolution
		{AD07F9A7-6864-4FB6-B362-DCA4CB7CF535}.Debug|Any CPU.ActiveCfg = Debug|Any CPU
		{AD07F9A7-6864-4FB6-B362-DCA4CB7CF535}.Debug|Any CPU.Build.0 = Debug|Any CPU
		{AD07F9A7-6864-4FB6-B362-DCA4CB7CF535}.Release|Any CPU.ActiveCfg = Release|Any CPU
		{AD07F9A7-6864-4FB6-B362-DCA4CB7CF535}.Release|Any CPU.Build.0 = Release|Any CPU
	EndGlobalSection
	GlobalSection(SolutionProperties) = preSolution
		HideSolutionNode = FALSE
	EndGlobalSection
	GlobalSection(ExtensibilityGlobals) = postSolution
		SolutionGuid = {CDE7E145-7303-40FC-94E5-A59CFB9E47EF}
	EndGlobalSection
EndGlobal
